
Microsoft Visual Studio Solution File, Format Version 12.00
# Visual Studio Version 16
VisualStudioVersion = 16.0.29123.88
MinimumVisualStudioVersion = 10.0.40219.1
Project("{FAE04EC0-301F-11D3-BF4B-00C04F79EFBC}") = "Students Management System", "Students Management System\Students Management System.csproj", "{F5A4DED5-EEBF-4A5B-9057-E24CBD94429E}"
EndProject
Global
	GlobalSection(SolutionConfigurationPlatforms) = preSolution
		Debug|Any CPU = Debug|Any CPU
		Release|Any CPU = Release|Any CPU
	EndGlobalSection
	GlobalSection(ProjectConfigurationPlatforms) = postSolution
		{F5A4DED5-EEBF-4A5B-9057-E24CBD94429E}.Debug|Any CPU.ActiveCfg = Debug|Any CPU
		{F5A4DED5-EEBF-4A5B-9057-E24CBD94429E}.Debug|Any CPU.Build.0 = Debug|Any CPU
		{F5A4DED5-EEBF-4A5B-9057-E24CBD94429E}.Release|Any CPU.ActiveCfg = Release|Any CPU
		{F5A4DED5-EEBF-4A5B-9057-E24CBD94429E}.Release|Any CPU.Build.0 = Release|Any CPU
	EndGlobalSection
	GlobalSection(SolutionProperties) = preSolution
		HideSolutionNode = FALSE
	EndGlobalSection
	GlobalSection(ExtensibilityGlobals) = postSolution
		SolutionGuid = {054F7DF9-9901-4955-BC41-2EA5D58A8FCE}
	EndGlobalSection
EndGlobal
