
Microsoft Visual Studio Solution File, Format Version 12.00
# Visual Studio Version 16
VisualStudioVersion = 16.0.29123.88
MinimumVisualStudioVersion = 10.0.40219.1
Project("{FAE04EC0-301F-11D3-BF4B-00C04F79EFBC}") = "ConsoleApp1", "ConsoleApp1\ConsoleApp1.csproj", "{CBE6C3B2-A09B-4FC8-867A-5853F73D9360}"
EndProject
Global
	GlobalSection(SolutionConfigurationPlatforms) = preSolution
		Debug|Any CPU = Debug|Any CPU
		Release|Any CPU = Release|Any CPU
	EndGlobalSection
	GlobalSection(ProjectConfigurationPlatforms) = postSolution
		{CBE6C3B2-A09B-4FC8-867A-5853F73D9360}.Debug|Any CPU.ActiveCfg = Debug|Any CPU
		{CBE6C3B2-A09B-4FC8-867A-5853F73D9360}.Debug|Any CPU.Build.0 = Debug|Any CPU
		{CBE6C3B2-A09B-4FC8-867A-5853F73D9360}.Release|Any CPU.ActiveCfg = Release|Any CPU
		{CBE6C3B2-A09B-4FC8-867A-5853F73D9360}.Release|Any CPU.Build.0 = Release|Any CPU
	EndGlobalSection
	GlobalSection(SolutionProperties) = preSolution
		HideSolutionNode = FALSE
	EndGlobalSection
	GlobalSection(ExtensibilityGlobals) = postSolution
		SolutionGuid = {2D0FAE8E-5233-4E1C-887B-43C9686AFB7B}
	EndGlobalSection
EndGlobal
