
Microsoft Visual Studio Solution File, Format Version 12.00
# Visual Studio Version 16
VisualStudioVersion = 16.0.29123.88
MinimumVisualStudioVersion = 10.0.40219.1
Project("{FAE04EC0-301F-11D3-BF4B-00C04F79EFBC}") = "want to go", "want to go\want to go.csproj", "{F9047C61-FE34-48C6-BD14-73DFD23C8F14}"
EndProject
Global
	GlobalSection(SolutionConfigurationPlatforms) = preSolution
		Debug|Any CPU = Debug|Any CPU
		Release|Any CPU = Release|Any CPU
	EndGlobalSection
	GlobalSection(ProjectConfigurationPlatforms) = postSolution
		{F9047C61-FE34-48C6-BD14-73DFD23C8F14}.Debug|Any CPU.ActiveCfg = Debug|Any CPU
		{F9047C61-FE34-48C6-BD14-73DFD23C8F14}.Debug|Any CPU.Build.0 = Debug|Any CPU
		{F9047C61-FE34-48C6-BD14-73DFD23C8F14}.Release|Any CPU.ActiveCfg = Release|Any CPU
		{F9047C61-FE34-48C6-BD14-73DFD23C8F14}.Release|Any CPU.Build.0 = Release|Any CPU
	EndGlobalSection
	GlobalSection(SolutionProperties) = preSolution
		HideSolutionNode = FALSE
	EndGlobalSection
	GlobalSection(ExtensibilityGlobals) = postSolution
		SolutionGuid = {DA0EC5D6-3E30-41F1-9B6A-5E3E71E05385}
	EndGlobalSection
EndGlobal
