
Microsoft Visual Studio Solution File, Format Version 12.00
# Visual Studio Version 16
VisualStudioVersion = 16.0.29123.88
MinimumVisualStudioVersion = 10.0.40219.1
Project("{FAE04EC0-301F-11D3-BF4B-00C04F79EFBC}") = "WpfApp1", "WpfApp1\WpfApp1.csproj", "{254C68E1-DAAC-408A-8BF1-D6DF2681454F}"
EndProject
Global
	GlobalSection(SolutionConfigurationPlatforms) = preSolution
		Debug|Any CPU = Debug|Any CPU
		Release|Any CPU = Release|Any CPU
	EndGlobalSection
	GlobalSection(ProjectConfigurationPlatforms) = postSolution
		{254C68E1-DAAC-408A-8BF1-D6DF2681454F}.Debug|Any CPU.ActiveCfg = Debug|Any CPU
		{254C68E1-DAAC-408A-8BF1-D6DF2681454F}.Debug|Any CPU.Build.0 = Debug|Any CPU
		{254C68E1-DAAC-408A-8BF1-D6DF2681454F}.Release|Any CPU.ActiveCfg = Release|Any CPU
		{254C68E1-DAAC-408A-8BF1-D6DF2681454F}.Release|Any CPU.Build.0 = Release|Any CPU
	EndGlobalSection
	GlobalSection(SolutionProperties) = preSolution
		HideSolutionNode = FALSE
	EndGlobalSection
	GlobalSection(ExtensibilityGlobals) = postSolution
		SolutionGuid = {5BAF797E-E43D-4FB9-A4AF-900A0BD40E55}
	EndGlobalSection
EndGlobal
